# THIS IS AN AUTOGENERATED FILE. DO NOT EDIT THIS FILE DIRECTLY.
# yarn lockfile v1


esbuild@^0.8.40:
  version "0.8.40"
  resolved "https://registry.yarnpkg.com/esbuild/-/esbuild-0.8.40.tgz#2ca457d950b27c77f28010f4482bdb820560290f"
  integrity sha512-IP0GcO3K9yO9rM69AMtx9tmjUYFO7oCcRfURCV4KveL3HQnQA1SJ8YLM71EyFe67+7At6HJIyjkOjGO3xnUQ/g==
